// !$*UTF8*$!
{
	archiveVersion = 1;
	classes = {
	};
	objectVersion = 77;
	objects = {

/* Begin PBXBuildFile section */
		2EAC3C083DAF22A3E1BE162D /* AboutView.swift in Sources */ = {isa = PBXBuildFile; fileRef = 5C50F89E3EE32BD75606C6C8 /* AboutView.swift */; };
		EBD93AE29BD92E2B5380ADD0 /* AddProgramView.swift in Sources */ = {isa = PBXBuildFile; fileRef = 2CDBD84E393435351F4D20A4 /* AddProgramView.swift */; };
		AC4CB7A89DB246605AC7CA5F /* ContentView.swift in Sources */ = {isa = PBXBuildFile; fileRef = C83AD637ECE2A3D4EA4E87E3 /* ContentView.swift */; };
		C0BABE779DD7003A0DDB922E /* DesktopIcon.swift in Sources */ = {isa = PBXBuildFile; fileRef = C6C69B1BFA09347CF2149063 /* DesktopIcon.swift */; };
		592C61268C058914B148FD87 /* GraphicsSettingsView.swift in Sources */ = {isa = PBXBuildFile; fileRef = 7CC150328B7EFBC099981C74 /* GraphicsSettingsView.swift */; };
		FAD57B6AA375791657C927CA /* InstallationProgressView.swift in Sources */ = {isa = PBXBuildFile; fileRef = 85AD201463E12AFF642721B9 /* InstallationProgressView.swift */; };
		F611CD404254D9FCFD8D8734 /* LogSettingsView.swift in Sources */ = {isa = PBXBuildFile; fileRef = 25EEC84A0A97C2007FB7945B /* LogSettingsView.swift */; };
		LMV00001B9063BA97B0001 /* LogModalView.swift in Sources */ = {isa = PBXBuildFile; fileRef = LMV00002B9063BA97B0001 /* LogModalView.swift */; };
		LWV00001B9063BA97B0001 /* LogWindowView.swift in Sources */ = {isa = PBXBuildFile; fileRef = LWV00002B9063BA97B0001 /* LogWindowView.swift */; };
		BA4F911AB88D7ACA83FBACCB /* PodoSojuApp.swift in Sources */ = {isa = PBXBuildFile; fileRef = 2160B4D3A93A2922921DEB55 /* PodoSojuApp.swift */; };
		6623E6EAEC83ED7ACC164095 /* ProgramSelectionView.swift in Sources */ = {isa = PBXBuildFile; fileRef = 971A66AB30ADA6DB3E644DEF /* ProgramSelectionView.swift */; };
		D70D2C3048B91C1AE6B465FB /* SettingsView.swift in Sources */ = {isa = PBXBuildFile; fileRef = 3A5957A02596EF19E339C16D /* SettingsView.swift */; };
		CADC5418CE7BADA460DFF854 /* ShortcutView.swift in Sources */ = {isa = PBXBuildFile; fileRef = 6572663D7438CFFD21662352 /* ShortcutView.swift */; };
		0CAEEAFF957AE6FAB4009B65 /* ShortcutsGridView.swift in Sources */ = {isa = PBXBuildFile; fileRef = 3F8D253DE5D39D588755C846 /* ShortcutsGridView.swift */; };
		B7270A7A2D3517B9063BA97B /* WorkspaceCreationView.swift in Sources */ = {isa = PBXBuildFile; fileRef = AFCE5646F437B39D37FBC422 /* WorkspaceCreationView.swift */; };
		WSSV00012D3517B9063BA97B /* WorkspaceSettingsView.swift in Sources */ = {isa = PBXBuildFile; fileRef = WSSV00022D3517B9063BA97B /* WorkspaceSettingsView.swift */; };
		OWS000012D3517B9063BA97B /* OpenWorkspacesStore.swift in Sources */ = {isa = PBXBuildFile; fileRef = OWS000022D3517B9063BA97B /* OpenWorkspacesStore.swift */; };
		WAC000012D3517B9063BA97B /* WindowAccessor.swift in Sources */ = {isa = PBXBuildFile; fileRef = WAC000022D3517B9063BA97B /* WindowAccessor.swift */; };
		A10000007A000001 /* PodoSojuKit in Frameworks */ = {isa = PBXBuildFile; productRef = A10000008A000001 /* PodoSojuKit */; };
/* End PBXBuildFile section */

/* Begin PBXFileReference section */
		5C50F89E3EE32BD75606C6C8 /* AboutView.swift */ = {isa = PBXFileReference; includeInIndex = 1; lastKnownFileType = sourcecode.swift; name = AboutView.swift; path = PodoSoju/Views/AboutView.swift; sourceTree = SOURCE_ROOT; };
		2CDBD84E393435351F4D20A4 /* AddProgramView.swift */ = {isa = PBXFileReference; includeInIndex = 1; lastKnownFileType = sourcecode.swift; name = AddProgramView.swift; path = PodoSoju/Views/Creation/AddProgramView.swift; sourceTree = SOURCE_ROOT; };
		C83AD637ECE2A3D4EA4E87E3 /* ContentView.swift */ = {isa = PBXFileReference; includeInIndex = 1; lastKnownFileType = sourcecode.swift; path = PodoSoju/ContentView.swift; sourceTree = SOURCE_ROOT; };
		C6C69B1BFA09347CF2149063 /* DesktopIcon.swift */ = {isa = PBXFileReference; includeInIndex = 1; lastKnownFileType = sourcecode.swift; name = DesktopIcon.swift; path = PodoSoju/Models/DesktopIcon.swift; sourceTree = SOURCE_ROOT; };
		7CC150328B7EFBC099981C74 /* GraphicsSettingsView.swift */ = {isa = PBXFileReference; includeInIndex = 1; lastKnownFileType = sourcecode.swift; name = GraphicsSettingsView.swift; path = PodoSoju/Views/Settings/GraphicsSettingsView.swift; sourceTree = SOURCE_ROOT; };
		85AD201463E12AFF642721B9 /* InstallationProgressView.swift */ = {isa = PBXFileReference; includeInIndex = 1; lastKnownFileType = sourcecode.swift; name = InstallationProgressView.swift; path = PodoSoju/Views/Installation/InstallationProgressView.swift; sourceTree = SOURCE_ROOT; };
		25EEC84A0A97C2007FB7945B /* LogSettingsView.swift */ = {isa = PBXFileReference; includeInIndex = 1; lastKnownFileType = sourcecode.swift; name = LogSettingsView.swift; path = PodoSoju/Views/Settings/LogSettingsView.swift; sourceTree = SOURCE_ROOT; };
		LMV00002B9063BA97B0001 /* LogModalView.swift */ = {isa = PBXFileReference; includeInIndex = 1; lastKnownFileType = sourcecode.swift; name = LogModalView.swift; path = PodoSoju/Views/Settings/LogModalView.swift; sourceTree = SOURCE_ROOT; };
		LWV00002B9063BA97B0001 /* LogWindowView.swift */ = {isa = PBXFileReference; includeInIndex = 1; lastKnownFileType = sourcecode.swift; name = LogWindowView.swift; path = PodoSoju/Views/Settings/LogWindowView.swift; sourceTree = SOURCE_ROOT; };
		2160B4D3A93A2922921DEB55 /* PodoSojuApp.swift */ = {isa = PBXFileReference; includeInIndex = 1; lastKnownFileType = sourcecode.swift; path = PodoSoju/PodoSojuApp.swift; sourceTree = SOURCE_ROOT; };
		971A66AB30ADA6DB3E644DEF /* ProgramSelectionView.swift */ = {isa = PBXFileReference; includeInIndex = 1; lastKnownFileType = sourcecode.swift; name = ProgramSelectionView.swift; path = PodoSoju/Views/Installation/ProgramSelectionView.swift; sourceTree = SOURCE_ROOT; };
		3A5957A02596EF19E339C16D /* SettingsView.swift */ = {isa = PBXFileReference; includeInIndex = 1; lastKnownFileType = sourcecode.swift; name = SettingsView.swift; path = PodoSoju/Views/Settings/SettingsView.swift; sourceTree = SOURCE_ROOT; };
		6572663D7438CFFD21662352 /* ShortcutView.swift */ = {isa = PBXFileReference; includeInIndex = 1; lastKnownFileType = sourcecode.swift; name = ShortcutView.swift; path = PodoSoju/Views/Workspace/ShortcutView.swift; sourceTree = SOURCE_ROOT; };
		3F8D253DE5D39D588755C846 /* ShortcutsGridView.swift */ = {isa = PBXFileReference; includeInIndex = 1; lastKnownFileType = sourcecode.swift; name = ShortcutsGridView.swift; path = PodoSoju/Views/Workspace/ShortcutsGridView.swift; sourceTree = SOURCE_ROOT; };
		AFCE5646F437B39D37FBC422 /* WorkspaceCreationView.swift */ = {isa = PBXFileReference; includeInIndex = 1; lastKnownFileType = sourcecode.swift; name = WorkspaceCreationView.swift; path = PodoSoju/Views/Creation/WorkspaceCreationView.swift; sourceTree = SOURCE_ROOT; };
		WSSV00022D3517B9063BA97B /* WorkspaceSettingsView.swift */ = {isa = PBXFileReference; includeInIndex = 1; lastKnownFileType = sourcecode.swift; name = WorkspaceSettingsView.swift; path = PodoSoju/Views/Workspace/WorkspaceSettingsView.swift; sourceTree = SOURCE_ROOT; };
		OWS000022D3517B9063BA97B /* OpenWorkspacesStore.swift */ = {isa = PBXFileReference; includeInIndex = 1; lastKnownFileType = sourcecode.swift; path = PodoSoju/OpenWorkspacesStore.swift; sourceTree = SOURCE_ROOT; };
		WAC000022D3517B9063BA97B /* WindowAccessor.swift */ = {isa = PBXFileReference; includeInIndex = 1; lastKnownFileType = sourcecode.swift; path = PodoSoju/WindowAccessor.swift; sourceTree = SOURCE_ROOT; };
		A10000009A000001 /* PodoSoju.app */ = {isa = PBXFileReference; explicitFileType = wrapper.application; includeInIndex = 0; path = PodoSoju.app; sourceTree = BUILT_PRODUCTS_DIR; };
		A1000000CA000001 /* PodoSojuKit */ = {isa = PBXFileReference; lastKnownFileType = wrapper; name = PodoSojuKit; path = PodoSojuKit; sourceTree = "<group>"; };
/* End PBXFileReference section */

/* Begin PBXFrameworksBuildPhase section */
		A1000000DA000001 /* Frameworks */ = {
			isa = PBXFrameworksBuildPhase;
			buildActionMask = 2147483647;
			files = (
				A10000007A000001 /* PodoSojuKit in Frameworks */,
			);
			runOnlyForDeploymentPostprocessing = 0;
		};
/* End PBXFrameworksBuildPhase section */

/* Begin PBXGroup section */
		A1000000EA000001 = {
			isa = PBXGroup;
			children = (
				A1000000CA000001 /* PodoSojuKit */,
				A1000000FA000001 /* Soju */,
				A10000010A000001 /* Products */,
			);
			sourceTree = "<group>";
		};
		A10000010A000001 /* Products */ = {
			isa = PBXGroup;
			children = (
				A10000009A000001 /* PodoSoju.app */,
			);
			name = Products;
			sourceTree = "<group>";
		};
		A1000000FA000001 /* PodoSoju */ = {
			isa = PBXGroup;
			children = (
				A1C86A29E589D48EC70B6A32 /* Models */,
				38DF21AEF4612506D6BE5CBE /* Views */,
				C83AD637ECE2A3D4EA4E87E3 /* ContentView.swift */,
				2160B4D3A93A2922921DEB55 /* PodoSojuApp.swift */,
				OWS000022D3517B9063BA97B /* OpenWorkspacesStore.swift */,
				WAC000022D3517B9063BA97B /* WindowAccessor.swift */,
			);
			path = PodoSoju;
			sourceTree = "<group>";
		};
		A1C86A29E589D48EC70B6A32 /* Models */ = {
			isa = PBXGroup;
			children = (
				C6C69B1BFA09347CF2149063 /* DesktopIcon.swift */,
			);
			name = Models;
			sourceTree = "<group>";
		};
		38DF21AEF4612506D6BE5CBE /* Views */ = {
			isa = PBXGroup;
			children = (
				425FB10C860A8D126A355DC7 /* Creation */,
				2BAA3D442E2F8E3F1B673DDB /* Installation */,
				0D7626413CCF860C82715CA5 /* Settings */,
				8189E9FCEEFCC18B7B136A04 /* Workspace */,
				5C50F89E3EE32BD75606C6C8 /* AboutView.swift */,
			);
			name = Views;
			sourceTree = "<group>";
		};
		425FB10C860A8D126A355DC7 /* Creation */ = {
			isa = PBXGroup;
			children = (
				2CDBD84E393435351F4D20A4 /* AddProgramView.swift */,
				AFCE5646F437B39D37FBC422 /* WorkspaceCreationView.swift */,
			);
			name = Creation;
			sourceTree = "<group>";
		};
		2BAA3D442E2F8E3F1B673DDB /* Installation */ = {
			isa = PBXGroup;
			children = (
				85AD201463E12AFF642721B9 /* InstallationProgressView.swift */,
				971A66AB30ADA6DB3E644DEF /* ProgramSelectionView.swift */,
			);
			name = Installation;
			sourceTree = "<group>";
		};
		0D7626413CCF860C82715CA5 /* Settings */ = {
			isa = PBXGroup;
			children = (
				7CC150328B7EFBC099981C74 /* GraphicsSettingsView.swift */,
				LMV00002B9063BA97B0001 /* LogModalView.swift */,
				25EEC84A0A97C2007FB7945B /* LogSettingsView.swift */,
				LWV00002B9063BA97B0001 /* LogWindowView.swift */,
				3A5957A02596EF19E339C16D /* SettingsView.swift */,
			);
			name = Settings;
			sourceTree = "<group>";
		};
		8189E9FCEEFCC18B7B136A04 /* Workspace */ = {
			isa = PBXGroup;
			children = (
				6572663D7438CFFD21662352 /* ShortcutView.swift */,
				3F8D253DE5D39D588755C846 /* ShortcutsGridView.swift */,
				WSSV00022D3517B9063BA97B /* WorkspaceSettingsView.swift */,
			);
			name = Workspace;
			sourceTree = "<group>";
		};
/* End PBXGroup section */

/* Begin PBXNativeTarget section */
		A10000011A000001 /* PodoSoju */ = {
			isa = PBXNativeTarget;
			buildConfigurationList = A10000012A000001 /* Build configuration list for PBXNativeTarget "PodoSoju" */;
			buildPhases = (
				A10000013A000001 /* Sources */,
				A1000000DA000001 /* Frameworks */,
				A10000014A000001 /* Resources */,
			);
			buildRules = (
			);
			dependencies = (
			);
			name = PodoSoju;
			packageProductDependencies = (
				A10000008A000001 /* PodoSojuKit */,
			);
			productName = PodoSoju;
			productReference = A10000009A000001 /* PodoSoju.app */;
			productType = "com.apple.product-type.application";
		};
/* End PBXNativeTarget section */

/* Begin PBXProject section */
		A10000015A000001 /* Project object */ = {
			isa = PBXProject;
			attributes = {
				BuildIndependentTargetsInParallel = 1;
				LastSwiftUpdateCheck = 1600;
				LastUpgradeCheck = 1600;
				TargetAttributes = {
					A10000011A000001 = {
						CreatedOnToolsVersion = 16.0;
					};
				};
			};
			buildConfigurationList = A10000016A000001 /* Build configuration list for PBXProject "PodoSoju" */;
			developmentRegion = en;
			hasScannedForEncodings = 0;
			knownRegions = (
				en,
				Base,
			);
			mainGroup = A1000000EA000001;
			minimizedProjectReferenceProxies = 1;
			preferredProjectObjectVersion = 77;
			productRefGroup = A10000010A000001 /* Products */;
			projectDirPath = "";
			projectRoot = "";
			targets = (
				A10000011A000001 /* Soju */,
			);
		};
/* End PBXProject section */

/* Begin PBXResourcesBuildPhase section */
		A10000014A000001 /* Resources */ = {
			isa = PBXResourcesBuildPhase;
			buildActionMask = 2147483647;
			files = (
			);
			runOnlyForDeploymentPostprocessing = 0;
		};
/* End PBXResourcesBuildPhase section */

/* Begin PBXSourcesBuildPhase section */
		A10000013A000001 /* Sources */ = {
			isa = PBXSourcesBuildPhase;
			buildActionMask = 2147483647;
			files = (
				2EAC3C083DAF22A3E1BE162D /* AboutView.swift in Sources */,
				EBD93AE29BD92E2B5380ADD0 /* AddProgramView.swift in Sources */,
				AC4CB7A89DB246605AC7CA5F /* ContentView.swift in Sources */,
				C0BABE779DD7003A0DDB922E /* DesktopIcon.swift in Sources */,
				592C61268C058914B148FD87 /* GraphicsSettingsView.swift in Sources */,
				FAD57B6AA375791657C927CA /* InstallationProgressView.swift in Sources */,
				F611CD404254D9FCFD8D8734 /* LogSettingsView.swift in Sources */,
				LMV00001B9063BA97B0001 /* LogModalView.swift in Sources */,
				LWV00001B9063BA97B0001 /* LogWindowView.swift in Sources */,
				BA4F911AB88D7ACA83FBACCB /* PodoSojuApp.swift in Sources */,
				6623E6EAEC83ED7ACC164095 /* ProgramSelectionView.swift in Sources */,
				D70D2C3048B91C1AE6B465FB /* SettingsView.swift in Sources */,
				CADC5418CE7BADA460DFF854 /* ShortcutView.swift in Sources */,
				0CAEEAFF957AE6FAB4009B65 /* ShortcutsGridView.swift in Sources */,
				B7270A7A2D3517B9063BA97B /* WorkspaceCreationView.swift in Sources */,
				WSSV00012D3517B9063BA97B /* WorkspaceSettingsView.swift in Sources */,
				OWS000012D3517B9063BA97B /* OpenWorkspacesStore.swift in Sources */,
				WAC000012D3517B9063BA97B /* WindowAccessor.swift in Sources */,
			);
			runOnlyForDeploymentPostprocessing = 0;
		};
/* End PBXSourcesBuildPhase section */

/* Begin XCBuildConfiguration section */
		A10000017A000001 /* Debug */ = {
			isa = XCBuildConfiguration;
			buildSettings = {
				ALWAYS_SEARCH_USER_PATHS = NO;
				ASSETCATALOG_COMPILER_GENERATE_SWIFT_ASSET_SYMBOL_EXTENSIONS = YES;
				CLANG_ANALYZER_NONNULL = YES;
				CLANG_ANALYZER_NUMBER_OBJECT_CONVERSION = YES_AGGRESSIVE;
				CLANG_CXX_LANGUAGE_STANDARD = "gnu++20";
				CLANG_ENABLE_MODULES = YES;
				CLANG_ENABLE_OBJC_ARC = YES;
				CLANG_ENABLE_OBJC_WEAK = YES;
				CLANG_WARN_BLOCK_CAPTURE_AUTORELEASING = YES;
				CLANG_WARN_BOOL_CONVERSION = YES;
				CLANG_WARN_COMMA = YES;
				CLANG_WARN_CONSTANT_CONVERSION = YES;
				CLANG_WARN_DEPRECATED_OBJC_IMPLEMENTATIONS = YES;
				CLANG_WARN_DIRECT_OBJC_ISA_USAGE = YES_ERROR;
				CLANG_WARN_DOCUMENTATION_COMMENTS = YES;
				CLANG_WARN_EMPTY_BODY = YES;
				CLANG_WARN_ENUM_CONVERSION = YES;
				CLANG_WARN_INFINITE_RECURSION = YES;
				CLANG_WARN_INT_CONVERSION = YES;
				CLANG_WARN_NON_LITERAL_NULL_CONVERSION = YES;
				CLANG_WARN_OBJC_IMPLICIT_RETAIN_SELF = YES;
				CLANG_WARN_OBJC_LITERAL_CONVERSION = YES;
				CLANG_WARN_OBJC_ROOT_CLASS = YES_ERROR;
				CLANG_WARN_QUOTED_INCLUDE_IN_FRAMEWORK_HEADER = YES;
				CLANG_WARN_RANGE_LOOP_ANALYSIS = YES;
				CLANG_WARN_STRICT_PROTOTYPES = YES;
				CLANG_WARN_SUSPICIOUS_MOVE = YES;
				CLANG_WARN_UNGUARDED_AVAILABILITY = YES_AGGRESSIVE;
				CLANG_WARN_UNREACHABLE_CODE = YES;
				CLANG_WARN__DUPLICATE_METHOD_MATCH = YES;
				COPY_PHASE_STRIP = NO;
				DEBUG_INFORMATION_FORMAT = dwarf;
				ENABLE_STRICT_OBJC_MSGSEND = YES;
				ENABLE_TESTABILITY = YES;
				ENABLE_USER_SCRIPT_SANDBOXING = YES;
				GCC_C_LANGUAGE_STANDARD = gnu17;
				GCC_DYNAMIC_NO_PIC = NO;
				GCC_NO_COMMON_BLOCKS = YES;
				GCC_OPTIMIZATION_LEVEL = 0;
				GCC_PREPROCESSOR_DEFINITIONS = (
					"DEBUG=1",
					"$(inherited)",
				);
				GCC_WARN_64_TO_32_BIT_CONVERSION = YES;
				GCC_WARN_ABOUT_RETURN_TYPE = YES_ERROR;
				GCC_WARN_UNDECLARED_SELECTOR = YES;
				GCC_WARN_UNINITIALIZED_AUTOS = YES_AGGRESSIVE;
				GCC_WARN_UNUSED_FUNCTION = YES;
				GCC_WARN_UNUSED_VARIABLE = YES;
				LOCALIZATION_PREFERS_STRING_CATALOGS = YES;
				MACOSX_DEPLOYMENT_TARGET = 14.0;
				MTL_ENABLE_DEBUG_INFO = INCLUDE_SOURCE;
				MTL_FAST_MATH = YES;
				ONLY_ACTIVE_ARCH = YES;
				SDKROOT = macosx;
				SWIFT_ACTIVE_COMPILATION_CONDITIONS = "DEBUG $(inherited)";
				SWIFT_OPTIMIZATION_LEVEL = "-Onone";
				SWIFT_VERSION = 6.0;
			};
			name = Debug;
		};
		A10000018A000001 /* Release */ = {
			isa = XCBuildConfiguration;
			buildSettings = {
				ALWAYS_SEARCH_USER_PATHS = NO;
				ASSETCATALOG_COMPILER_GENERATE_SWIFT_ASSET_SYMBOL_EXTENSIONS = YES;
				CLANG_ANALYZER_NONNULL = YES;
				CLANG_ANALYZER_NUMBER_OBJECT_CONVERSION = YES_AGGRESSIVE;
				CLANG_CXX_LANGUAGE_STANDARD = "gnu++20";
				CLANG_ENABLE_MODULES = YES;
				CLANG_ENABLE_OBJC_ARC = YES;
				CLANG_ENABLE_OBJC_WEAK = YES;
				CLANG_WARN_BLOCK_CAPTURE_AUTORELEASING = YES;
				CLANG_WARN_BOOL_CONVERSION = YES;
				CLANG_WARN_COMMA = YES;
				CLANG_WARN_CONSTANT_CONVERSION = YES;
				CLANG_WARN_DEPRECATED_OBJC_IMPLEMENTATIONS = YES;
				CLANG_WARN_DIRECT_OBJC_ISA_USAGE = YES_ERROR;
				CLANG_WARN_DOCUMENTATION_COMMENTS = YES;
				CLANG_WARN_EMPTY_BODY = YES;
				CLANG_WARN_ENUM_CONVERSION = YES;
				CLANG_WARN_INFINITE_RECURSION = YES;
				CLANG_WARN_INT_CONVERSION = YES;
				CLANG_WARN_NON_LITERAL_NULL_CONVERSION = YES;
				CLANG_WARN_OBJC_IMPLICIT_RETAIN_SELF = YES;
				CLANG_WARN_OBJC_LITERAL_CONVERSION = YES;
				CLANG_WARN_OBJC_ROOT_CLASS = YES_ERROR;
				CLANG_WARN_QUOTED_INCLUDE_IN_FRAMEWORK_HEADER = YES;
				CLANG_WARN_RANGE_LOOP_ANALYSIS = YES;
				CLANG_WARN_STRICT_PROTOTYPES = YES;
				CLANG_WARN_SUSPICIOUS_MOVE = YES;
				CLANG_WARN_UNGUARDED_AVAILABILITY = YES_AGGRESSIVE;
				CLANG_WARN_UNREACHABLE_CODE = YES;
				CLANG_WARN__DUPLICATE_METHOD_MATCH = YES;
				COPY_PHASE_STRIP = NO;
				DEBUG_INFORMATION_FORMAT = "dwarf-with-dsym";
				ENABLE_NS_ASSERTIONS = NO;
				ENABLE_STRICT_OBJC_MSGSEND = YES;
				ENABLE_USER_SCRIPT_SANDBOXING = YES;
				GCC_C_LANGUAGE_STANDARD = gnu17;
				GCC_NO_COMMON_BLOCKS = YES;
				GCC_WARN_64_TO_32_BIT_CONVERSION = YES;
				GCC_WARN_ABOUT_RETURN_TYPE = YES_ERROR;
				GCC_WARN_UNDECLARED_SELECTOR = YES;
				GCC_WARN_UNINITIALIZED_AUTOS = YES_AGGRESSIVE;
				GCC_WARN_UNUSED_FUNCTION = YES;
				GCC_WARN_UNUSED_VARIABLE = YES;
				LOCALIZATION_PREFERS_STRING_CATALOGS = YES;
				MACOSX_DEPLOYMENT_TARGET = 14.0;
				MTL_ENABLE_DEBUG_INFO = NO;
				MTL_FAST_MATH = YES;
				SDKROOT = macosx;
				SWIFT_COMPILATION_MODE = wholemodule;
				SWIFT_VERSION = 6.0;
			};
			name = Release;
		};
		A10000019A000001 /* Debug */ = {
			isa = XCBuildConfiguration;
			buildSettings = {
				ASSETCATALOG_COMPILER_APPICON_NAME = AppIcon;
				ASSETCATALOG_COMPILER_GLOBAL_ACCENT_COLOR_NAME = AccentColor;
				CODE_SIGN_ENTITLEMENTS = PodoSoju/PodoSoju.entitlements;
				CODE_SIGN_STYLE = Automatic;
				COMBINE_HIDPI_IMAGES = YES;
				CURRENT_PROJECT_VERSION = 1;
				DEVELOPMENT_TEAM = "";
				ENABLE_HARDENED_RUNTIME = YES;
				ENABLE_PREVIEWS = YES;
				GENERATE_INFOPLIST_FILE = NO;
				INFOPLIST_FILE = PodoSoju/Info.plist;
				INFOPLIST_KEY_CFBundleDisplayName = Soju;
				INFOPLIST_KEY_LSApplicationCategoryType = "public.app-category.utilities";
				INFOPLIST_KEY_NSHumanReadableCopyright = "";
				LD_RUNPATH_SEARCH_PATHS = (
					"$(inherited)",
					"@executable_path/../Frameworks",
				);
				MARKETING_VERSION = 1.0;
				PRODUCT_BUNDLE_IDENTIFIER = com.podosoju.app;
				PRODUCT_NAME = "$(TARGET_NAME)";
				SWIFT_EMIT_LOC_STRINGS = YES;
				SWIFT_VERSION = 6.0;
			};
			name = Debug;
		};
		A1000001AA000001 /* Release */ = {
			isa = XCBuildConfiguration;
			buildSettings = {
				ASSETCATALOG_COMPILER_APPICON_NAME = AppIcon;
				ASSETCATALOG_COMPILER_GLOBAL_ACCENT_COLOR_NAME = AccentColor;
				CODE_SIGN_ENTITLEMENTS = PodoSoju/PodoSoju.entitlements;
				CODE_SIGN_STYLE = Automatic;
				COMBINE_HIDPI_IMAGES = YES;
				CURRENT_PROJECT_VERSION = 1;
				DEVELOPMENT_TEAM = "";
				ENABLE_HARDENED_RUNTIME = YES;
				ENABLE_PREVIEWS = YES;
				GENERATE_INFOPLIST_FILE = NO;
				INFOPLIST_FILE = PodoSoju/Info.plist;
				INFOPLIST_KEY_CFBundleDisplayName = Soju;
				INFOPLIST_KEY_LSApplicationCategoryType = "public.app-category.utilities";
				INFOPLIST_KEY_NSHumanReadableCopyright = "";
				LD_RUNPATH_SEARCH_PATHS = (
					"$(inherited)",
					"@executable_path/../Frameworks",
				);
				MARKETING_VERSION = 1.0;
				PRODUCT_BUNDLE_IDENTIFIER = com.podosoju.app;
				PRODUCT_NAME = "$(TARGET_NAME)";
				SWIFT_EMIT_LOC_STRINGS = YES;
				SWIFT_VERSION = 6.0;
			};
			name = Release;
		};
/* End XCBuildConfiguration section */

/* Begin XCConfigurationList section */
		A10000012A000001 /* Build configuration list for PBXNativeTarget "PodoSoju" */ = {
			isa = XCConfigurationList;
			buildConfigurations = (
				A10000019A000001 /* Debug */,
				A1000001AA000001 /* Release */,
			);
			defaultConfigurationIsVisible = 0;
			defaultConfigurationName = Release;
		};
		A10000016A000001 /* Build configuration list for PBXProject "PodoSoju" */ = {
			isa = XCConfigurationList;
			buildConfigurations = (
				A10000017A000001 /* Debug */,
				A10000018A000001 /* Release */,
			);
			defaultConfigurationIsVisible = 0;
			defaultConfigurationName = Release;
		};
/* End XCConfigurationList section */

/* Begin XCSwiftPackageProductDependency section */
		A10000008A000001 /* PodoSojuKit */ = {
			isa = XCSwiftPackageProductDependency;
			productName = PodoSojuKit;
		};
/* End XCSwiftPackageProductDependency section */
	};
	rootObject = A10000015A000001 /* Project object */;
}
